
Microsoft Visual Studio Solution File, Format Version 12.00
# Visual Studio 2012
Project("{8BC9CEB8-8B4A-11D0-8D11-00A0C91BC942}") = "gmsv_cvar3_win32", "gm_cvar3\gm_cvar3.vcxproj", "{158D46ED-6B30-4184-8F28-E4612077BC39}"
EndProject
Project("{8BC9CEB8-8B4A-11D0-8D11-00A0C91BC942}") = "gmcl_cvar3_win32", "gmcl_cvar3_win32\gmcl_cvar3_win32.vcxproj", "{A8BEF522-8C59-42A4-B012-51AD8E7219C7}"
EndProject
Global
	GlobalSection(SolutionConfigurationPlatforms) = preSolution
		Debug|Win32 = Debug|Win32
		Release|Win32 = Release|Win32
	EndGlobalSection
	GlobalSection(ProjectConfigurationPlatforms) = postSolution
		{158D46ED-6B30-4184-8F28-E4612077BC39}.Debug|Win32.ActiveCfg = Debug|Win32
		{158D46ED-6B30-4184-8F28-E4612077BC39}.Debug|Win32.Build.0 = Debug|Win32
		{158D46ED-6B30-4184-8F28-E4612077BC39}.Release|Win32.ActiveCfg = Release|Win32
		{158D46ED-6B30-4184-8F28-E4612077BC39}.Release|Win32.Build.0 = Release|Win32
		{A8BEF522-8C59-42A4-B012-51AD8E7219C7}.Debug|Win32.ActiveCfg = Debug|Win32
		{A8BEF522-8C59-42A4-B012-51AD8E7219C7}.Debug|Win32.Build.0 = Debug|Win32
		{A8BEF522-8C59-42A4-B012-51AD8E7219C7}.Release|Win32.ActiveCfg = Release|Win32
		{A8BEF522-8C59-42A4-B012-51AD8E7219C7}.Release|Win32.Build.0 = Release|Win32
	EndGlobalSection
	GlobalSection(SolutionProperties) = preSolution
		HideSolutionNode = FALSE
	EndGlobalSection
EndGlobal
