
Microsoft Visual Studio Solution File, Format Version 11.00
# Visual C++ Express 2010
Project("{8BC9CEB8-8B4A-11D0-8D11-00A0C91BC942}") = "gmsv_fuckoff", "gmsv_fuckoff\gmsv_fuckoff.vcxproj", "{DF94CA99-0CBE-4E6F-9AD2-2827C1A8D821}"
EndProject
Global
	GlobalSection(SolutionConfigurationPlatforms) = preSolution
		Debug|Win32 = Debug|Win32
		Release|Win32 = Release|Win32
	EndGlobalSection
	GlobalSection(ProjectConfigurationPlatforms) = postSolution
		{DF94CA99-0CBE-4E6F-9AD2-2827C1A8D821}.Debug|Win32.ActiveCfg = Debug|Win32
		{DF94CA99-0CBE-4E6F-9AD2-2827C1A8D821}.Debug|Win32.Build.0 = Debug|Win32
		{DF94CA99-0CBE-4E6F-9AD2-2827C1A8D821}.Release|Win32.ActiveCfg = Release|Win32
		{DF94CA99-0CBE-4E6F-9AD2-2827C1A8D821}.Release|Win32.Build.0 = Release|Win32
	EndGlobalSection
	GlobalSection(SolutionProperties) = preSolution
		HideSolutionNode = FALSE
	EndGlobalSection
EndGlobal
