
Microsoft Visual Studio Solution File, Format Version 11.00
# Visual C++ Express 2010
Project("{8BC9CEB8-8B4A-11D0-8D11-00A0C91BC942}") = "gm_concommand2", "gm_concommand2\gm_concommand2.vcxproj", "{EED54779-192B-4238-AED9-D4DE956C2F14}"
EndProject
Global
	GlobalSection(SolutionConfigurationPlatforms) = preSolution
		Debug|Win32 = Debug|Win32
		Release|Win32 = Release|Win32
	EndGlobalSection
	GlobalSection(ProjectConfigurationPlatforms) = postSolution
		{EED54779-192B-4238-AED9-D4DE956C2F14}.Debug|Win32.ActiveCfg = Debug|Win32
		{EED54779-192B-4238-AED9-D4DE956C2F14}.Debug|Win32.Build.0 = Debug|Win32
		{EED54779-192B-4238-AED9-D4DE956C2F14}.Release|Win32.ActiveCfg = Release|Win32
		{EED54779-192B-4238-AED9-D4DE956C2F14}.Release|Win32.Build.0 = Release|Win32
	EndGlobalSection
	GlobalSection(SolutionProperties) = preSolution
		HideSolutionNode = FALSE
	EndGlobalSection
EndGlobal
