Microsoft Visual Studio Solution File, Format Version 11.00
# Visual Studio 2010
Project("{8BC9CEB8-8B4A-11D0-8D11-00A0C91BC942}") = "ALL_BUILD", "ALL_BUILD.vcxproj", "{C20EC5E1-F1BC-4E6A-B961-DA66A4584867}"
	ProjectSection(ProjectDependencies) = postProject
		{5A60FBD3-B16F-4964-B550-D84DB89CEA78} = {5A60FBD3-B16F-4964-B550-D84DB89CEA78}
		{194321A3-8001-4062-8878-8BC19DA98E42} = {194321A3-8001-4062-8878-8BC19DA98E42}
	EndProjectSection
EndProject
Project("{8BC9CEB8-8B4A-11D0-8D11-00A0C91BC942}") = "ZERO_CHECK", "ZERO_CHECK.vcxproj", "{5A60FBD3-B16F-4964-B550-D84DB89CEA78}"
	ProjectSection(ProjectDependencies) = postProject
	EndProjectSection
EndProject
Project("{8BC9CEB8-8B4A-11D0-8D11-00A0C91BC942}") = "gm_tmysql4", "gm_tmysql4.vcxproj", "{194321A3-8001-4062-8878-8BC19DA98E42}"
	ProjectSection(ProjectDependencies) = postProject
		{5A60FBD3-B16F-4964-B550-D84DB89CEA78} = {5A60FBD3-B16F-4964-B550-D84DB89CEA78}
	EndProjectSection
EndProject
Global
	GlobalSection(SolutionConfigurationPlatforms) = preSolution
		Debug|Win32 = Debug|Win32
		Release|Win32 = Release|Win32
	EndGlobalSection
	GlobalSection(ProjectConfigurationPlatforms) = postSolution
		{C20EC5E1-F1BC-4E6A-B961-DA66A4584867}.Debug|Win32.ActiveCfg = Debug|Win32
		{C20EC5E1-F1BC-4E6A-B961-DA66A4584867}.Release|Win32.ActiveCfg = Release|Win32
		{5A60FBD3-B16F-4964-B550-D84DB89CEA78}.Debug|Win32.ActiveCfg = Debug|Win32
		{5A60FBD3-B16F-4964-B550-D84DB89CEA78}.Debug|Win32.Build.0 = Debug|Win32
		{5A60FBD3-B16F-4964-B550-D84DB89CEA78}.Release|Win32.ActiveCfg = Release|Win32
		{5A60FBD3-B16F-4964-B550-D84DB89CEA78}.Release|Win32.Build.0 = Release|Win32
		{194321A3-8001-4062-8878-8BC19DA98E42}.Debug|Win32.ActiveCfg = Debug|Win32
		{194321A3-8001-4062-8878-8BC19DA98E42}.Debug|Win32.Build.0 = Debug|Win32
		{194321A3-8001-4062-8878-8BC19DA98E42}.Release|Win32.ActiveCfg = Release|Win32
		{194321A3-8001-4062-8878-8BC19DA98E42}.Release|Win32.Build.0 = Release|Win32
	EndGlobalSection
	GlobalSection(ExtensibilityGlobals) = postSolution
	EndGlobalSection
	GlobalSection(ExtensibilityAddIns) = postSolution
	EndGlobalSection
EndGlobal
