<?xml version="1.0" encoding="utf-8"?>
<Project ToolsVersion="4.0" xmlns="http://schemas.microsoft.com/developer/msbuild/2003">
  <ItemGroup>
    <Filter Include="Source Files">
      <UniqueIdentifier>{4FC737F1-C7A5-4376-A066-2A32D752A2FF}</UniqueIdentifier>
      <Extensions>cpp;c;cc;cxx;def;odl;idl;hpj;bat;asm;asmx</Extensions>
    </Filter>
    <Filter Include="Header Files">
      <UniqueIdentifier>{93995380-89BD-4b04-88EB-625FBE52EBFB}</UniqueIdentifier>
      <Extensions>h;hpp;hxx;hm;inl;inc;xsd</Extensions>
    </Filter>
    <Filter Include="Resource Files">
      <UniqueIdentifier>{67DA6AB6-F800-4c08-8B7A-83BB121AAD01}</UniqueIdentifier>
      <Extensions>rc;ico;cur;bmp;dlg;rc2;rct;bin;rgs;gif;jpg;jpeg;jpe;resx;tiff;tif;png;wav;mfcribbon-ms</Extensions>
    </Filter>
  </ItemGroup>
  <ItemGroup>
    <ClInclude Include="..\..\..\..\Jake%27s Stuff\MyModules\gm_tmysql4\gm_tmysql4\database.h">
      <Filter>Header Files</Filter>
    </ClInclude>
    <ClInclude Include="..\..\..\..\Jake%27s Stuff\MyModules\gm_tmysql4\gm_tmysql4\gm_tmysql.h">
      <Filter>Header Files</Filter>
    </ClInclude>
    <ClInclude Include="..\..\..\..\Jake%27s Stuff\MyModules\gm_tmysql4\gm_tmysql4\include\atomic\gcc_builtins.h">
      <Filter>Header Files</Filter>
    </ClInclude>
    <ClInclude Include="..\..\..\..\Jake%27s Stuff\MyModules\gm_tmysql4\gm_tmysql4\include\atomic\generic-msvc.h">
      <Filter>Header Files</Filter>
    </ClInclude>
    <ClInclude Include="..\..\..\..\Jake%27s Stuff\MyModules\gm_tmysql4\gm_tmysql4\include\atomic\nolock.h">
      <Filter>Header Files</Filter>
    </ClInclude>
    <ClInclude Include="..\..\..\..\Jake%27s Stuff\MyModules\gm_tmysql4\gm_tmysql4\include\atomic\rwlock.h">
      <Filter>Header Files</Filter>
    </ClInclude>
    <ClInclude Include="..\..\..\..\Jake%27s Stuff\MyModules\gm_tmysql4\gm_tmysql4\include\atomic\x86-gcc.h">
      <Filter>Header Files</Filter>
    </ClInclude>
    <ClInclude Include="..\..\..\..\Jake%27s Stuff\MyModules\gm_tmysql4\gm_tmysql4\include\mysys\rijndael.h">
      <Filter>Header Files</Filter>
    </ClInclude>
    <ClInclude Include="..\..\..\..\Jake%27s Stuff\MyModules\gm_tmysql4\gm_tmysql4\include\base64.h">
      <Filter>Header Files</Filter>
    </ClInclude>
    <ClInclude Include="..\..\..\..\Jake%27s Stuff\MyModules\gm_tmysql4\gm_tmysql4\include\config-win.h">
      <Filter>Header Files</Filter>
    </ClInclude>
    <ClInclude Include="..\..\..\..\Jake%27s Stuff\MyModules\gm_tmysql4\gm_tmysql4\include\decimal.h">
      <Filter>Header Files</Filter>
    </ClInclude>
    <ClInclude Include="..\..\..\..\Jake%27s Stuff\MyModules\gm_tmysql4\gm_tmysql4\include\errmsg.h">
      <Filter>Header Files</Filter>
    </ClInclude>
    <ClInclude Include="..\..\..\..\Jake%27s Stuff\MyModules\gm_tmysql4\gm_tmysql4\include\hash.h">
      <Filter>Header Files</Filter>
    </ClInclude>
    <ClInclude Include="..\..\..\..\Jake%27s Stuff\MyModules\gm_tmysql4\gm_tmysql4\include\keycache.h">
      <Filter>Header Files</Filter>
    </ClInclude>
    <ClInclude Include="..\..\..\..\Jake%27s Stuff\MyModules\gm_tmysql4\gm_tmysql4\include\lf.h">
      <Filter>Header Files</Filter>
    </ClInclude>
    <ClInclude Include="..\..\..\..\Jake%27s Stuff\MyModules\gm_tmysql4\gm_tmysql4\include\m_ctype.h">
      <Filter>Header Files</Filter>
    </ClInclude>
    <ClInclude Include="..\..\..\..\Jake%27s Stuff\MyModules\gm_tmysql4\gm_tmysql4\include\m_string.h">
      <Filter>Header Files</Filter>
    </ClInclude>
    <ClInclude Include="..\..\..\..\Jake%27s Stuff\MyModules\gm_tmysql4\gm_tmysql4\include\my_aes.h">
      <Filter>Header Files</Filter>
    </ClInclude>
    <ClInclude Include="..\..\..\..\Jake%27s Stuff\MyModules\gm_tmysql4\gm_tmysql4\include\my_alarm.h">
      <Filter>Header Files</Filter>
    </ClInclude>
    <ClInclude Include="..\..\..\..\Jake%27s Stuff\MyModules\gm_tmysql4\gm_tmysql4\include\my_alloc.h">
      <Filter>Header Files</Filter>
    </ClInclude>
    <ClInclude Include="..\..\..\..\Jake%27s Stuff\MyModules\gm_tmysql4\gm_tmysql4\include\my_atomic.h">
      <Filter>Header Files</Filter>
    </ClInclude>
    <ClInclude Include="..\..\..\..\Jake%27s Stuff\MyModules\gm_tmysql4\gm_tmysql4\include\my_attribute.h">
      <Filter>Header Files</Filter>
    </ClInclude>
    <ClInclude Include="..\..\..\..\Jake%27s Stuff\MyModules\gm_tmysql4\gm_tmysql4\include\my_base.h">
      <Filter>Header Files</Filter>
    </ClInclude>
    <ClInclude Include="..\..\..\..\Jake%27s Stuff\MyModules\gm_tmysql4\gm_tmysql4\include\my_bit.h">
      <Filter>Header Files</Filter>
    </ClInclude>
    <ClInclude Include="..\..\..\..\Jake%27s Stuff\MyModules\gm_tmysql4\gm_tmysql4\include\my_bitmap.h">
      <Filter>Header Files</Filter>
    </ClInclude>
    <ClInclude Include="..\..\..\..\Jake%27s Stuff\MyModules\gm_tmysql4\gm_tmysql4\include\my_charsets.h">
      <Filter>Header Files</Filter>
    </ClInclude>
    <ClInclude Include="..\..\..\..\Jake%27s Stuff\MyModules\gm_tmysql4\gm_tmysql4\include\my_config.h">
      <Filter>Header Files</Filter>
    </ClInclude>
    <ClInclude Include="..\..\..\..\Jake%27s Stuff\MyModules\gm_tmysql4\gm_tmysql4\include\my_dbug.h">
      <Filter>Header Files</Filter>
    </ClInclude>
    <ClInclude Include="..\..\..\..\Jake%27s Stuff\MyModules\gm_tmysql4\gm_tmysql4\include\my_dir.h">
      <Filter>Header Files</Filter>
    </ClInclude>
    <ClInclude Include="..\..\..\..\Jake%27s Stuff\MyModules\gm_tmysql4\gm_tmysql4\include\my_getopt.h">
      <Filter>Header Files</Filter>
    </ClInclude>
    <ClInclude Include="..\..\..\..\Jake%27s Stuff\MyModules\gm_tmysql4\gm_tmysql4\include\my_global.h">
      <Filter>Header Files</Filter>
    </ClInclude>
    <ClInclude Include="..\..\..\..\Jake%27s Stuff\MyModules\gm_tmysql4\gm_tmysql4\include\my_libwrap.h">
      <Filter>Header Files</Filter>
    </ClInclude>
    <ClInclude Include="..\..\..\..\Jake%27s Stuff\MyModules\gm_tmysql4\gm_tmysql4\include\my_list.h">
      <Filter>Header Files</Filter>
    </ClInclude>
    <ClInclude Include="..\..\..\..\Jake%27s Stuff\MyModules\gm_tmysql4\gm_tmysql4\include\my_md5.h">
      <Filter>Header Files</Filter>
    </ClInclude>
    <ClInclude Include="..\..\..\..\Jake%27s Stuff\MyModules\gm_tmysql4\gm_tmysql4\include\my_net.h">
      <Filter>Header Files</Filter>
    </ClInclude>
    <ClInclude Include="..\..\..\..\Jake%27s Stuff\MyModules\gm_tmysql4\gm_tmysql4\include\my_no_pthread.h">
      <Filter>Header Files</Filter>
    </ClInclude>
    <ClInclude Include="..\..\..\..\Jake%27s Stuff\MyModules\gm_tmysql4\gm_tmysql4\include\my_nosys.h">
      <Filter>Header Files</Filter>
    </ClInclude>
    <ClInclude Include="..\..\..\..\Jake%27s Stuff\MyModules\gm_tmysql4\gm_tmysql4\include\my_pthread.h">
      <Filter>Header Files</Filter>
    </ClInclude>
    <ClInclude Include="..\..\..\..\Jake%27s Stuff\MyModules\gm_tmysql4\gm_tmysql4\include\my_stacktrace.h">
      <Filter>Header Files</Filter>
    </ClInclude>
    <ClInclude Include="..\..\..\..\Jake%27s Stuff\MyModules\gm_tmysql4\gm_tmysql4\include\my_sys.h">
      <Filter>Header Files</Filter>
    </ClInclude>
    <ClInclude Include="..\..\..\..\Jake%27s Stuff\MyModules\gm_tmysql4\gm_tmysql4\include\my_time.h">
      <Filter>Header Files</Filter>
    </ClInclude>
    <ClInclude Include="..\..\..\..\Jake%27s Stuff\MyModules\gm_tmysql4\gm_tmysql4\include\my_tree.h">
      <Filter>Header Files</Filter>
    </ClInclude>
    <ClInclude Include="..\..\..\..\Jake%27s Stuff\MyModules\gm_tmysql4\gm_tmysql4\include\my_trie.h">
      <Filter>Header Files</Filter>
    </ClInclude>
    <ClInclude Include="..\..\..\..\Jake%27s Stuff\MyModules\gm_tmysql4\gm_tmysql4\include\my_uctype.h">
      <Filter>Header Files</Filter>
    </ClInclude>
    <ClInclude Include="..\..\..\..\Jake%27s Stuff\MyModules\gm_tmysql4\gm_tmysql4\include\my_vle.h">
      <Filter>Header Files</Filter>
    </ClInclude>
    <ClInclude Include="..\..\..\..\Jake%27s Stuff\MyModules\gm_tmysql4\gm_tmysql4\include\my_xml.h">
      <Filter>Header Files</Filter>
    </ClInclude>
    <ClInclude Include="..\..\..\..\Jake%27s Stuff\MyModules\gm_tmysql4\gm_tmysql4\include\myisampack.h">
      <Filter>Header Files</Filter>
    </ClInclude>
    <ClInclude Include="..\..\..\..\Jake%27s Stuff\MyModules\gm_tmysql4\gm_tmysql4\include\mysql.h">
      <Filter>Header Files</Filter>
    </ClInclude>
    <ClInclude Include="..\..\..\..\Jake%27s Stuff\MyModules\gm_tmysql4\gm_tmysql4\include\mysql_com.h">
      <Filter>Header Files</Filter>
    </ClInclude>
    <ClInclude Include="..\..\..\..\Jake%27s Stuff\MyModules\gm_tmysql4\gm_tmysql4\include\mysql_time.h">
      <Filter>Header Files</Filter>
    </ClInclude>
    <ClInclude Include="..\..\..\..\Jake%27s Stuff\MyModules\gm_tmysql4\gm_tmysql4\include\mysql_version.h">
      <Filter>Header Files</Filter>
    </ClInclude>
    <ClInclude Include="..\..\..\..\Jake%27s Stuff\MyModules\gm_tmysql4\gm_tmysql4\include\mysqld_error.h">
      <Filter>Header Files</Filter>
    </ClInclude>
    <ClInclude Include="..\..\..\..\Jake%27s Stuff\MyModules\gm_tmysql4\gm_tmysql4\include\mysys_err.h">
      <Filter>Header Files</Filter>
    </ClInclude>
    <ClInclude Include="..\..\..\..\Jake%27s Stuff\MyModules\gm_tmysql4\gm_tmysql4\include\queues.h">
      <Filter>Header Files</Filter>
    </ClInclude>
    <ClInclude Include="..\..\..\..\Jake%27s Stuff\MyModules\gm_tmysql4\gm_tmysql4\include\service_versions.h">
      <Filter>Header Files</Filter>
    </ClInclude>
    <ClInclude Include="..\..\..\..\Jake%27s Stuff\MyModules\gm_tmysql4\gm_tmysql4\include\sha1.h">
      <Filter>Header Files</Filter>
    </ClInclude>
    <ClInclude Include="..\..\..\..\Jake%27s Stuff\MyModules\gm_tmysql4\gm_tmysql4\include\sha2.h">
      <Filter>Header Files</Filter>
    </ClInclude>
    <ClInclude Include="..\..\..\..\Jake%27s Stuff\MyModules\gm_tmysql4\gm_tmysql4\include\sql_common.h">
      <Filter>Header Files</Filter>
    </ClInclude>
    <ClInclude Include="..\..\..\..\Jake%27s Stuff\MyModules\gm_tmysql4\gm_tmysql4\include\sslopt-case.h">
      <Filter>Header Files</Filter>
    </ClInclude>
    <ClInclude Include="..\..\..\..\Jake%27s Stuff\MyModules\gm_tmysql4\gm_tmysql4\include\sslopt-longopts.h">
      <Filter>Header Files</Filter>
    </ClInclude>
    <ClInclude Include="..\..\..\..\Jake%27s Stuff\MyModules\gm_tmysql4\gm_tmysql4\include\sslopt-vars.h">
      <Filter>Header Files</Filter>
    </ClInclude>
    <ClInclude Include="..\..\..\..\Jake%27s Stuff\MyModules\gm_tmysql4\gm_tmysql4\include\t_ctype.h">
      <Filter>Header Files</Filter>
    </ClInclude>
    <ClInclude Include="..\..\..\..\Jake%27s Stuff\MyModules\gm_tmysql4\gm_tmysql4\include\thr_alarm.h">
      <Filter>Header Files</Filter>
    </ClInclude>
    <ClInclude Include="..\..\..\..\Jake%27s Stuff\MyModules\gm_tmysql4\gm_tmysql4\include\thr_lock.h">
      <Filter>Header Files</Filter>
    </ClInclude>
    <ClInclude Include="..\..\..\..\Jake%27s Stuff\MyModules\gm_tmysql4\gm_tmysql4\include\typelib.h">
      <Filter>Header Files</Filter>
    </ClInclude>
    <ClInclude Include="..\..\..\..\Jake%27s Stuff\MyModules\gm_tmysql4\gm_tmysql4\include\violite.h">
      <Filter>Header Files</Filter>
    </ClInclude>
    <ClInclude Include="..\..\..\..\Jake%27s Stuff\MyModules\gm_tmysql4\gm_tmysql4\include\waiting_threads.h">
      <Filter>Header Files</Filter>
    </ClInclude>
    <ClInclude Include="..\..\..\..\Jake%27s Stuff\MyModules\gm_tmysql4\gm_tmysql4\include\wqueue.h">
      <Filter>Header Files</Filter>
    </ClInclude>
    <ClInclude Include="..\..\..\..\Jake%27s Stuff\MyModules\gm_tmysql4\gm_tmysql4\ILuaInterface.h">
      <Filter>Header Files</Filter>
    </ClInclude>
    <ClInclude Include="..\..\..\..\Jake%27s Stuff\MyModules\gm_tmysql4\gm_tmysql4\ILuaObject.h">
      <Filter>Header Files</Filter>
    </ClInclude>
    <ClInclude Include="..\..\..\..\Jake%27s Stuff\MyModules\gm_tmysql4\gm_tmysql4\ILuaModuleManager.h">
      <Filter>Header Files</Filter>
    </ClInclude>
  </ItemGroup>
  <ItemGroup>
    <ClCompile Include="..\..\..\..\Jake%27s Stuff\MyModules\gm_tmysql4\gm_tmysql4\database.cpp">
      <Filter>Source Files</Filter>
    </ClCompile>
    <ClCompile Include="..\..\..\..\Jake%27s Stuff\MyModules\gm_tmysql4\gm_tmysql4\gm_tmysql.cpp">
      <Filter>Source Files</Filter>
    </ClCompile>
    <ClCompile Include="..\..\..\..\SourceSDK\gmod13\include\GarrysMod\Lua\ILuaObject.cpp">
      <Filter>Source Files</Filter>
    </ClCompile>
    <ClCompile Include="..\..\..\..\SourceSDK\gmod13\include\GarrysMod\Lua\ILuaInterface.cpp">
      <Filter>Source Files</Filter>
    </ClCompile>
    <ClCompile Include="..\..\..\..\SourceSDK\gmod13\include\GarrysMod\Lua\ILuaModuleManager.cpp">
      <Filter>Source Files</Filter>
    </ClCompile>
  </ItemGroup>
  <ItemGroup>
    <Library Include="..\..\..\..\Jake%27s Stuff\MyModules\gm_tmysql4\gm_tmysql4\lib\libmysql.lib">
      <Filter>Resource Files</Filter>
    </Library>
    <Library Include="..\..\..\..\Jake%27s Stuff\MyModules\gm_tmysql4\gm_tmysql4\lib\mysqlclient.lib">
      <Filter>Resource Files</Filter>
    </Library>
  </ItemGroup>
</Project>