
Microsoft Visual Studio Solution File, Format Version 11.00
# Visual Studio 2010
Project("{8BC9CEB8-8B4A-11D0-8D11-00A0C91BC942}") = "gm_tmysql4", "gm_tmysql4.vcxproj", "{F997724B-E51D-6F4C-8F7E-21E79EAE3CE5}"
EndProject
Global
	GlobalSection(SolutionConfigurationPlatforms) = preSolution
		Release|Win32 = Release|Win32
	EndGlobalSection
	GlobalSection(ProjectConfigurationPlatforms) = postSolution
		{F997724B-E51D-6F4C-8F7E-21E79EAE3CE5}.Release|Win32.ActiveCfg = Release|Win32
		{F997724B-E51D-6F4C-8F7E-21E79EAE3CE5}.Release|Win32.Build.0 = Release|Win32
	EndGlobalSection
	GlobalSection(SolutionProperties) = preSolution
		HideSolutionNode = FALSE
	EndGlobalSection
EndGlobal
